
Microsoft Visual Studio Solution File, Format Version 12.00
# Visual Studio Version 16
VisualStudioVersion = 16.0.30907.101
MinimumVisualStudioVersion = 10.0.40219.1
Project("{9A19103F-16F7-4668-BE54-9A1E7A4F7556}") = "TELMESSOS.CORE", "TELMESSOS.CORE\TELMESSOS.CORE.csproj", "{AEDBFC83-DF6D-455C-A499-B51170A1E2CB}"
EndProject
Project("{9A19103F-16F7-4668-BE54-9A1E7A4F7556}") = "TELMESSOS.ENTITIES", "TELMESSOS.ENTITIES\TELMESSOS.ENTITIES.csproj", "{6034AE00-7702-4D51-8C10-06260325F2B9}"
EndProject
Project("{FAE04EC0-301F-11D3-BF4B-00C04F79EFBC}") = "TELMESSOS.DATAACCESS", "TELMESSOS.DATAACCESS\TELMESSOS.DATAACCESS.csproj", "{A22BBEF8-BFAF-4631-826E-E9334FE887E6}"
EndProject
Global
	GlobalSection(SolutionConfigurationPlatforms) = preSolution
		Debug|Any CPU = Debug|Any CPU
		Release|Any CPU = Release|Any CPU
	EndGlobalSection
	GlobalSection(ProjectConfigurationPlatforms) = postSolution
		{AEDBFC83-DF6D-455C-A499-B51170A1E2CB}.Debug|Any CPU.ActiveCfg = Debug|Any CPU
		{AEDBFC83-DF6D-455C-A499-B51170A1E2CB}.Debug|Any CPU.Build.0 = Debug|Any CPU
		{AEDBFC83-DF6D-455C-A499-B51170A1E2CB}.Release|Any CPU.ActiveCfg = Release|Any CPU
		{AEDBFC83-DF6D-455C-A499-B51170A1E2CB}.Release|Any CPU.Build.0 = Release|Any CPU
		{6034AE00-7702-4D51-8C10-06260325F2B9}.Debug|Any CPU.ActiveCfg = Debug|Any CPU
		{6034AE00-7702-4D51-8C10-06260325F2B9}.Debug|Any CPU.Build.0 = Debug|Any CPU
		{6034AE00-7702-4D51-8C10-06260325F2B9}.Release|Any CPU.ActiveCfg = Release|Any CPU
		{6034AE00-7702-4D51-8C10-06260325F2B9}.Release|Any CPU.Build.0 = Release|Any CPU
		{A22BBEF8-BFAF-4631-826E-E9334FE887E6}.Debug|Any CPU.ActiveCfg = Debug|Any CPU
		{A22BBEF8-BFAF-4631-826E-E9334FE887E6}.Debug|Any CPU.Build.0 = Debug|Any CPU
		{A22BBEF8-BFAF-4631-826E-E9334FE887E6}.Release|Any CPU.ActiveCfg = Release|Any CPU
		{A22BBEF8-BFAF-4631-826E-E9334FE887E6}.Release|Any CPU.Build.0 = Release|Any CPU
	EndGlobalSection
	GlobalSection(SolutionProperties) = preSolution
		HideSolutionNode = FALSE
	EndGlobalSection
	GlobalSection(ExtensibilityGlobals) = postSolution
		SolutionGuid = {AB3276A1-2FAF-4F0B-8DE7-3F4678047271}
	EndGlobalSection
EndGlobal
